
Microsoft Visual Studio Solution File, Format Version 11.00
# Visual Studio 2010
Project("{8BC9CEB8-8B4A-11D0-8D11-00A0C91BC942}") = "NVIPattern", "NVIPattern\NVIPattern.vcxproj", "{4F80726A-1C29-41FD-A44A-7D83FEADC34C}"
EndProject
Global
	GlobalSection(SolutionConfigurationPlatforms) = preSolution
		Debug|Win32 = Debug|Win32
		Release|Win32 = Release|Win32
	EndGlobalSection
	GlobalSection(ProjectConfigurationPlatforms) = postSolution
		{4F80726A-1C29-41FD-A44A-7D83FEADC34C}.Debug|Win32.ActiveCfg = Debug|Win32
		{4F80726A-1C29-41FD-A44A-7D83FEADC34C}.Debug|Win32.Build.0 = Debug|Win32
		{4F80726A-1C29-41FD-A44A-7D83FEADC34C}.Release|Win32.ActiveCfg = Release|Win32
		{4F80726A-1C29-41FD-A44A-7D83FEADC34C}.Release|Win32.Build.0 = Release|Win32
	EndGlobalSection
	GlobalSection(SolutionProperties) = preSolution
		HideSolutionNode = FALSE
	EndGlobalSection
EndGlobal
