<?xml version="1.0" encoding="utf-8"?>
<Project ToolsVersion="4.0" xmlns="http://schemas.microsoft.com/developer/msbuild/2003">
  <ItemGroup>
    <Filter Include="소스 파일">
      <UniqueIdentifier>{4FC737F1-C7A5-4376-A066-2A32D752A2FF}</UniqueIdentifier>
      <Extensions>cpp;c;cc;cxx;def;odl;idl;hpj;bat;asm;asmx</Extensions>
    </Filter>
    <Filter Include="헤더 파일">
      <UniqueIdentifier>{93995380-89BD-4b04-88EB-625FBE52EBFB}</UniqueIdentifier>
      <Extensions>h;hpp;hxx;hm;inl;inc;xsd</Extensions>
    </Filter>
    <Filter Include="리소스 파일">
      <UniqueIdentifier>{67DA6AB6-F800-4c08-8B7A-83BB121AAD01}</UniqueIdentifier>
      <Extensions>rc;ico;cur;bmp;dlg;rc2;rct;bin;rgs;gif;jpg;jpeg;jpe;resx;tiff;tif;png;wav;mfcribbon-ms</Extensions>
    </Filter>
    <Filter Include="소스 파일\Duck">
      <UniqueIdentifier>{c5d19a0d-dfb9-46a7-a4ad-460961de44b1}</UniqueIdentifier>
    </Filter>
    <Filter Include="소스 파일\Behavior">
      <UniqueIdentifier>{27b06f0c-9803-4228-9581-82c7a4d28b06}</UniqueIdentifier>
    </Filter>
  </ItemGroup>
  <ItemGroup>
    <ClInclude Include="Duck.h">
      <Filter>헤더 파일</Filter>
    </ClInclude>
    <ClInclude Include="FlyBehavior.h">
      <Filter>헤더 파일</Filter>
    </ClInclude>
    <ClInclude Include="FlyWithWings.h">
      <Filter>헤더 파일</Filter>
    </ClInclude>
    <ClInclude Include="QuackBehavior.h">
      <Filter>헤더 파일</Filter>
    </ClInclude>
    <ClInclude Include="QuackQuack.h">
      <Filter>헤더 파일</Filter>
    </ClInclude>
    <ClInclude Include="MuteQuack.h">
      <Filter>헤더 파일</Filter>
    </ClInclude>
    <ClInclude Include="FlyNoWay.h">
      <Filter>헤더 파일</Filter>
    </ClInclude>
    <ClInclude Include="DecoyDuck.h">
      <Filter>헤더 파일</Filter>
    </ClInclude>
    <ClInclude Include="MallardDuck.h">
      <Filter>헤더 파일</Filter>
    </ClInclude>
    <ClInclude Include="RedHeadDuck.h">
      <Filter>헤더 파일</Filter>
    </ClInclude>
    <ClInclude Include="RubberDuck.h">
      <Filter>헤더 파일</Filter>
    </ClInclude>
  </ItemGroup>
  <ItemGroup>
    <ClCompile Include="Duck.cpp">
      <Filter>소스 파일\Duck</Filter>
    </ClCompile>
    <ClCompile Include="FlyBehavior.cpp">
      <Filter>소스 파일\Behavior</Filter>
    </ClCompile>
    <ClCompile Include="FlyWithWings.cpp">
      <Filter>소스 파일\Behavior</Filter>
    </ClCompile>
    <ClCompile Include="QuackBehavior.cpp">
      <Filter>소스 파일\Behavior</Filter>
    </ClCompile>
    <ClCompile Include="MuteQuack.cpp">
      <Filter>소스 파일\Behavior</Filter>
    </ClCompile>
    <ClCompile Include="FlyNoWay.cpp">
      <Filter>소스 파일\Behavior</Filter>
    </ClCompile>
    <ClCompile Include="QuackQuack.cpp">
      <Filter>소스 파일\Behavior</Filter>
    </ClCompile>
    <ClCompile Include="DecoyDuck.cpp">
      <Filter>소스 파일\Duck</Filter>
    </ClCompile>
    <ClCompile Include="main.cpp">
      <Filter>소스 파일</Filter>
    </ClCompile>
    <ClCompile Include="MallardDuck.cpp">
      <Filter>소스 파일\Duck</Filter>
    </ClCompile>
    <ClCompile Include="RubberDuck.cpp">
      <Filter>소스 파일\Duck</Filter>
    </ClCompile>
    <ClCompile Include="RedHeadDuck.cpp">
      <Filter>소스 파일\Duck</Filter>
    </ClCompile>
  </ItemGroup>
</Project>